
Microsoft Visual Studio Solution File, Format Version 12.00
# Visual Studio 15
VisualStudioVersion = 15.0.28307.421
MinimumVisualStudioVersion = 10.0.40219.1
Project("{9A19103F-16F7-4668-BE54-9A1E7A4F7556}") = "Tests", "Tests\Tests.csproj", "{6A24A454-B32D-434B-98D6-CBEAE7F25835}"
	ProjectSection(ProjectDependencies) = postProject
		{8C6299A8-C7C9-42AC-8D54-2DFE67E8FB43} = {8C6299A8-C7C9-42AC-8D54-2DFE67E8FB43}
	EndProjectSection
EndProject
Project("{9A19103F-16F7-4668-BE54-9A1E7A4F7556}") = "DSCrib2", "DScrib2\DSCrib2.csproj", "{8C6299A8-C7C9-42AC-8D54-2DFE67E8FB43}"
EndProject
Global
	GlobalSection(SolutionConfigurationPlatforms) = preSolution
		Debug|Any CPU = Debug|Any CPU
		Release|Any CPU = Release|Any CPU
	EndGlobalSection
	GlobalSection(ProjectConfigurationPlatforms) = postSolution
		{6A24A454-B32D-434B-98D6-CBEAE7F25835}.Debug|Any CPU.ActiveCfg = Debug|Any CPU
		{6A24A454-B32D-434B-98D6-CBEAE7F25835}.Debug|Any CPU.Build.0 = Debug|Any CPU
		{6A24A454-B32D-434B-98D6-CBEAE7F25835}.Release|Any CPU.ActiveCfg = Release|Any CPU
		{6A24A454-B32D-434B-98D6-CBEAE7F25835}.Release|Any CPU.Build.0 = Release|Any CPU
		{8C6299A8-C7C9-42AC-8D54-2DFE67E8FB43}.Debug|Any CPU.ActiveCfg = Debug|Any CPU
		{8C6299A8-C7C9-42AC-8D54-2DFE67E8FB43}.Debug|Any CPU.Build.0 = Debug|Any CPU
		{8C6299A8-C7C9-42AC-8D54-2DFE67E8FB43}.Release|Any CPU.ActiveCfg = Release|Any CPU
		{8C6299A8-C7C9-42AC-8D54-2DFE67E8FB43}.Release|Any CPU.Build.0 = Release|Any CPU
	EndGlobalSection
	GlobalSection(SolutionProperties) = preSolution
		HideSolutionNode = FALSE
	EndGlobalSection
	GlobalSection(ExtensibilityGlobals) = postSolution
		SolutionGuid = {FF8B8D5D-9BC0-4425-87AE-724E10B64156}
	EndGlobalSection
EndGlobal
