{
  "name": "dscrib2",
  "version": "1.0.0",
  "lockfileVersion": 1,
  "requires": true,
  "dependencies": {
    "htmltidy2": {
      "version": "0.3.0",
      "resolved": "https://registry.npmjs.org/htmltidy2/-/htmltidy2-0.3.0.tgz",
      "integrity": "sha512-mcQUlg/1Ynwi4kk0Db+61nbaMvzAuLUM1R+AL6O+Nx/Vb6q0IKc33BPKOSWeKNGn0OsjLkdUiNP7dP3RZv+n2g=="
    }
  }
}
